
Microsoft Visual Studio Solution File, Format Version 12.00
# Visual Studio 15
VisualStudioVersion = 15.0.26124.0
MinimumVisualStudioVersion = 15.0.26124.0
Project("{FAE04EC0-301F-11D3-BF4B-00C04F79EFBC}") = "DevStore.Api", "DevStore.Api\DevStore.Api.csproj", "{4D348BBA-0B30-4B82-A5CE-058A9A9EEDB4}"
EndProject
Project("{FAE04EC0-301F-11D3-BF4B-00C04F79EFBC}") = "DevStore.Domain", "DevStore.Domain\DevStore.Domain.csproj", "{CA791ACD-CF9A-48B6-B073-91D1D2B4229E}"
EndProject
Project("{FAE04EC0-301F-11D3-BF4B-00C04F79EFBC}") = "DevStore.Infra", "DevStore.Infra\DevStore.Infra.csproj", "{FBB11AB8-34F7-40CC-A1F0-44480D229115}"
EndProject
Project("{FAE04EC0-301F-11D3-BF4B-00C04F79EFBC}") = "DevStore.Shared", "DevStore.Shared\DevStore.Shared.csproj", "{C53BC2E7-738B-4C32-B9FC-84AE3F72B0E9}"
EndProject
Project("{FAE04EC0-301F-11D3-BF4B-00C04F79EFBC}") = "DevStore.Tests", "DevStore.Tests\DevStore.Tests.csproj", "{3E088E1F-6806-4700-9C4B-BFC7D2F3606A}"
EndProject
Global
	GlobalSection(SolutionConfigurationPlatforms) = preSolution
		Debug|Any CPU = Debug|Any CPU
		Debug|x64 = Debug|x64
		Debug|x86 = Debug|x86
		Release|Any CPU = Release|Any CPU
		Release|x64 = Release|x64
		Release|x86 = Release|x86
	EndGlobalSection
	GlobalSection(SolutionProperties) = preSolution
		HideSolutionNode = FALSE
	EndGlobalSection
	GlobalSection(ProjectConfigurationPlatforms) = postSolution
		{4D348BBA-0B30-4B82-A5CE-058A9A9EEDB4}.Debug|Any CPU.ActiveCfg = Debug|Any CPU
		{4D348BBA-0B30-4B82-A5CE-058A9A9EEDB4}.Debug|Any CPU.Build.0 = Debug|Any CPU
		{4D348BBA-0B30-4B82-A5CE-058A9A9EEDB4}.Debug|x64.ActiveCfg = Debug|Any CPU
		{4D348BBA-0B30-4B82-A5CE-058A9A9EEDB4}.Debug|x64.Build.0 = Debug|Any CPU
		{4D348BBA-0B30-4B82-A5CE-058A9A9EEDB4}.Debug|x86.ActiveCfg = Debug|Any CPU
		{4D348BBA-0B30-4B82-A5CE-058A9A9EEDB4}.Debug|x86.Build.0 = Debug|Any CPU
		{4D348BBA-0B30-4B82-A5CE-058A9A9EEDB4}.Release|Any CPU.ActiveCfg = Release|Any CPU
		{4D348BBA-0B30-4B82-A5CE-058A9A9EEDB4}.Release|Any CPU.Build.0 = Release|Any CPU
		{4D348BBA-0B30-4B82-A5CE-058A9A9EEDB4}.Release|x64.ActiveCfg = Release|Any CPU
		{4D348BBA-0B30-4B82-A5CE-058A9A9EEDB4}.Release|x64.Build.0 = Release|Any CPU
		{4D348BBA-0B30-4B82-A5CE-058A9A9EEDB4}.Release|x86.ActiveCfg = Release|Any CPU
		{4D348BBA-0B30-4B82-A5CE-058A9A9EEDB4}.Release|x86.Build.0 = Release|Any CPU
		{CA791ACD-CF9A-48B6-B073-91D1D2B4229E}.Debug|Any CPU.ActiveCfg = Debug|Any CPU
		{CA791ACD-CF9A-48B6-B073-91D1D2B4229E}.Debug|Any CPU.Build.0 = Debug|Any CPU
		{CA791ACD-CF9A-48B6-B073-91D1D2B4229E}.Debug|x64.ActiveCfg = Debug|Any CPU
		{CA791ACD-CF9A-48B6-B073-91D1D2B4229E}.Debug|x64.Build.0 = Debug|Any CPU
		{CA791ACD-CF9A-48B6-B073-91D1D2B4229E}.Debug|x86.ActiveCfg = Debug|Any CPU
		{CA791ACD-CF9A-48B6-B073-91D1D2B4229E}.Debug|x86.Build.0 = Debug|Any CPU
		{CA791ACD-CF9A-48B6-B073-91D1D2B4229E}.Release|Any CPU.ActiveCfg = Release|Any CPU
		{CA791ACD-CF9A-48B6-B073-91D1D2B4229E}.Release|Any CPU.Build.0 = Release|Any CPU
		{CA791ACD-CF9A-48B6-B073-91D1D2B4229E}.Release|x64.ActiveCfg = Release|Any CPU
		{CA791ACD-CF9A-48B6-B073-91D1D2B4229E}.Release|x64.Build.0 = Release|Any CPU
		{CA791ACD-CF9A-48B6-B073-91D1D2B4229E}.Release|x86.ActiveCfg = Release|Any CPU
		{CA791ACD-CF9A-48B6-B073-91D1D2B4229E}.Release|x86.Build.0 = Release|Any CPU
		{FBB11AB8-34F7-40CC-A1F0-44480D229115}.Debug|Any CPU.ActiveCfg = Debug|Any CPU
		{FBB11AB8-34F7-40CC-A1F0-44480D229115}.Debug|Any CPU.Build.0 = Debug|Any CPU
		{FBB11AB8-34F7-40CC-A1F0-44480D229115}.Debug|x64.ActiveCfg = Debug|Any CPU
		{FBB11AB8-34F7-40CC-A1F0-44480D229115}.Debug|x64.Build.0 = Debug|Any CPU
		{FBB11AB8-34F7-40CC-A1F0-44480D229115}.Debug|x86.ActiveCfg = Debug|Any CPU
		{FBB11AB8-34F7-40CC-A1F0-44480D229115}.Debug|x86.Build.0 = Debug|Any CPU
		{FBB11AB8-34F7-40CC-A1F0-44480D229115}.Release|Any CPU.ActiveCfg = Release|Any CPU
		{FBB11AB8-34F7-40CC-A1F0-44480D229115}.Release|Any CPU.Build.0 = Release|Any CPU
		{FBB11AB8-34F7-40CC-A1F0-44480D229115}.Release|x64.ActiveCfg = Release|Any CPU
		{FBB11AB8-34F7-40CC-A1F0-44480D229115}.Release|x64.Build.0 = Release|Any CPU
		{FBB11AB8-34F7-40CC-A1F0-44480D229115}.Release|x86.ActiveCfg = Release|Any CPU
		{FBB11AB8-34F7-40CC-A1F0-44480D229115}.Release|x86.Build.0 = Release|Any CPU
		{C53BC2E7-738B-4C32-B9FC-84AE3F72B0E9}.Debug|Any CPU.ActiveCfg = Debug|Any CPU
		{C53BC2E7-738B-4C32-B9FC-84AE3F72B0E9}.Debug|Any CPU.Build.0 = Debug|Any CPU
		{C53BC2E7-738B-4C32-B9FC-84AE3F72B0E9}.Debug|x64.ActiveCfg = Debug|Any CPU
		{C53BC2E7-738B-4C32-B9FC-84AE3F72B0E9}.Debug|x64.Build.0 = Debug|Any CPU
		{C53BC2E7-738B-4C32-B9FC-84AE3F72B0E9}.Debug|x86.ActiveCfg = Debug|Any CPU
		{C53BC2E7-738B-4C32-B9FC-84AE3F72B0E9}.Debug|x86.Build.0 = Debug|Any CPU
		{C53BC2E7-738B-4C32-B9FC-84AE3F72B0E9}.Release|Any CPU.ActiveCfg = Release|Any CPU
		{C53BC2E7-738B-4C32-B9FC-84AE3F72B0E9}.Release|Any CPU.Build.0 = Release|Any CPU
		{C53BC2E7-738B-4C32-B9FC-84AE3F72B0E9}.Release|x64.ActiveCfg = Release|Any CPU
		{C53BC2E7-738B-4C32-B9FC-84AE3F72B0E9}.Release|x64.Build.0 = Release|Any CPU
		{C53BC2E7-738B-4C32-B9FC-84AE3F72B0E9}.Release|x86.ActiveCfg = Release|Any CPU
		{C53BC2E7-738B-4C32-B9FC-84AE3F72B0E9}.Release|x86.Build.0 = Release|Any CPU
		{3E088E1F-6806-4700-9C4B-BFC7D2F3606A}.Debug|Any CPU.ActiveCfg = Debug|Any CPU
		{3E088E1F-6806-4700-9C4B-BFC7D2F3606A}.Debug|Any CPU.Build.0 = Debug|Any CPU
		{3E088E1F-6806-4700-9C4B-BFC7D2F3606A}.Debug|x64.ActiveCfg = Debug|Any CPU
		{3E088E1F-6806-4700-9C4B-BFC7D2F3606A}.Debug|x64.Build.0 = Debug|Any CPU
		{3E088E1F-6806-4700-9C4B-BFC7D2F3606A}.Debug|x86.ActiveCfg = Debug|Any CPU
		{3E088E1F-6806-4700-9C4B-BFC7D2F3606A}.Debug|x86.Build.0 = Debug|Any CPU
		{3E088E1F-6806-4700-9C4B-BFC7D2F3606A}.Release|Any CPU.ActiveCfg = Release|Any CPU
		{3E088E1F-6806-4700-9C4B-BFC7D2F3606A}.Release|Any CPU.Build.0 = Release|Any CPU
		{3E088E1F-6806-4700-9C4B-BFC7D2F3606A}.Release|x64.ActiveCfg = Release|Any CPU
		{3E088E1F-6806-4700-9C4B-BFC7D2F3606A}.Release|x64.Build.0 = Release|Any CPU
		{3E088E1F-6806-4700-9C4B-BFC7D2F3606A}.Release|x86.ActiveCfg = Release|Any CPU
		{3E088E1F-6806-4700-9C4B-BFC7D2F3606A}.Release|x86.Build.0 = Release|Any CPU
	EndGlobalSection
EndGlobal
